
Microsoft Visual Studio Solution File, Format Version 12.00
# Visual Studio 2017
Project("{FAE04EC0-301F-11D3-BF4B-00C04F79EFBC}") = "EECS481-Wolverine-Vision", "EECS481-Wolverine-Vision.csproj", "{6EDE893A-6810-1102-CA96-B820728C763F}"
EndProject
Project("{FAE04EC0-301F-11D3-BF4B-00C04F79EFBC}") = "EECS481-Wolverine-Vision.Editor", "EECS481-Wolverine-Vision.Editor.csproj", "{8FBC3DFF-6414-706D-D258-56828A3B6023}"
EndProject
Global
	GlobalSection(SolutionConfigurationPlatforms) = preSolution
		Debug|Any CPU = Debug|Any CPU
		Release|Any CPU = Release|Any CPU
	EndGlobalSection
	GlobalSection(ProjectConfigurationPlatforms) = postSolution
		{6EDE893A-6810-1102-CA96-B820728C763F}.Debug|Any CPU.ActiveCfg = Debug|Any CPU
		{6EDE893A-6810-1102-CA96-B820728C763F}.Debug|Any CPU.Build.0 = Debug|Any CPU
		{6EDE893A-6810-1102-CA96-B820728C763F}.Release|Any CPU.ActiveCfg = Release|Any CPU
		{6EDE893A-6810-1102-CA96-B820728C763F}.Release|Any CPU.Build.0 = Release|Any CPU
		{8FBC3DFF-6414-706D-D258-56828A3B6023}.Debug|Any CPU.ActiveCfg = Debug|Any CPU
		{8FBC3DFF-6414-706D-D258-56828A3B6023}.Debug|Any CPU.Build.0 = Debug|Any CPU
		{8FBC3DFF-6414-706D-D258-56828A3B6023}.Release|Any CPU.ActiveCfg = Release|Any CPU
		{8FBC3DFF-6414-706D-D258-56828A3B6023}.Release|Any CPU.Build.0 = Release|Any CPU
	EndGlobalSection
	GlobalSection(SolutionProperties) = preSolution
		HideSolutionNode = FALSE
	EndGlobalSection
EndGlobal
