
Microsoft Visual Studio Solution File, Format Version 12.00
# Visual Studio 15
VisualStudioVersion = 15.0.26403.0
MinimumVisualStudioVersion = 10.0.40219.1
Project("{FAE04EC0-301F-11D3-BF4B-00C04F79EFBC}") = "ModelExplorer", "ModelExplorer\ModelExplorer.csproj", "{13A45C13-3265-47B8-BC48-A553B569DF55}"
EndProject
Project("{FAE04EC0-301F-11D3-BF4B-00C04F79EFBC}") = "Assembly-CSharp", "C:\Users\Kevin\Downloads\EECS481-Wolverine-Vision\App\GeneratedProjects\UWP\Assembly-CSharp\Assembly-CSharp.csproj", "{CFA5EAE5-3198-4EE5-B826-8C51CBC1CB47}"
EndProject
Project("{FAE04EC0-301F-11D3-BF4B-00C04F79EFBC}") = "Assembly-CSharp-firstpass", "C:\Users\Kevin\Downloads\EECS481-Wolverine-Vision\App\GeneratedProjects\UWP\Assembly-CSharp-firstpass\Assembly-CSharp-firstpass.csproj", "{408A7147-62F2-4CE5-B045-6A228897638A}"
EndProject
Global
	GlobalSection(SolutionConfigurationPlatforms) = preSolution
		Debug|ARM = Debug|ARM
		Debug|x64 = Debug|x64
		Debug|x86 = Debug|x86
		Master|ARM = Master|ARM
		Master|x64 = Master|x64
		Master|x86 = Master|x86
		Release|ARM = Release|ARM
		Release|x64 = Release|x64
		Release|x86 = Release|x86
	EndGlobalSection
	GlobalSection(ProjectConfigurationPlatforms) = postSolution
		{13A45C13-3265-47B8-BC48-A553B569DF55}.Debug|ARM.ActiveCfg = Debug|ARM
		{13A45C13-3265-47B8-BC48-A553B569DF55}.Debug|ARM.Build.0 = Debug|ARM
		{13A45C13-3265-47B8-BC48-A553B569DF55}.Debug|ARM.Deploy.0 = Debug|ARM
		{13A45C13-3265-47B8-BC48-A553B569DF55}.Debug|x64.ActiveCfg = Debug|x64
		{13A45C13-3265-47B8-BC48-A553B569DF55}.Debug|x64.Build.0 = Debug|x64
		{13A45C13-3265-47B8-BC48-A553B569DF55}.Debug|x64.Deploy.0 = Debug|x64
		{13A45C13-3265-47B8-BC48-A553B569DF55}.Debug|x86.ActiveCfg = Debug|x86
		{13A45C13-3265-47B8-BC48-A553B569DF55}.Debug|x86.Build.0 = Debug|x86
		{13A45C13-3265-47B8-BC48-A553B569DF55}.Debug|x86.Deploy.0 = Debug|x86
		{13A45C13-3265-47B8-BC48-A553B569DF55}.Master|ARM.ActiveCfg = Master|ARM
		{13A45C13-3265-47B8-BC48-A553B569DF55}.Master|ARM.Build.0 = Master|ARM
		{13A45C13-3265-47B8-BC48-A553B569DF55}.Master|ARM.Deploy.0 = Master|ARM
		{13A45C13-3265-47B8-BC48-A553B569DF55}.Master|x64.ActiveCfg = Master|x64
		{13A45C13-3265-47B8-BC48-A553B569DF55}.Master|x64.Build.0 = Master|x64
		{13A45C13-3265-47B8-BC48-A553B569DF55}.Master|x64.Deploy.0 = Master|x64
		{13A45C13-3265-47B8-BC48-A553B569DF55}.Master|x86.ActiveCfg = Master|x86
		{13A45C13-3265-47B8-BC48-A553B569DF55}.Master|x86.Build.0 = Master|x86
		{13A45C13-3265-47B8-BC48-A553B569DF55}.Master|x86.Deploy.0 = Master|x86
		{13A45C13-3265-47B8-BC48-A553B569DF55}.Release|ARM.ActiveCfg = Release|ARM
		{13A45C13-3265-47B8-BC48-A553B569DF55}.Release|ARM.Build.0 = Release|ARM
		{13A45C13-3265-47B8-BC48-A553B569DF55}.Release|ARM.Deploy.0 = Release|ARM
		{13A45C13-3265-47B8-BC48-A553B569DF55}.Release|x64.ActiveCfg = Release|x64
		{13A45C13-3265-47B8-BC48-A553B569DF55}.Release|x64.Build.0 = Release|x64
		{13A45C13-3265-47B8-BC48-A553B569DF55}.Release|x64.Deploy.0 = Release|x64
		{13A45C13-3265-47B8-BC48-A553B569DF55}.Release|x86.ActiveCfg = Release|x86
		{13A45C13-3265-47B8-BC48-A553B569DF55}.Release|x86.Build.0 = Release|x86
		{13A45C13-3265-47B8-BC48-A553B569DF55}.Release|x86.Deploy.0 = Release|x86
		{CFA5EAE5-3198-4EE5-B826-8C51CBC1CB47}.Debug|ARM.ActiveCfg = Debug|ARM
		{CFA5EAE5-3198-4EE5-B826-8C51CBC1CB47}.Debug|ARM.Build.0 = Debug|ARM
		{CFA5EAE5-3198-4EE5-B826-8C51CBC1CB47}.Debug|x64.ActiveCfg = Debug|x64
		{CFA5EAE5-3198-4EE5-B826-8C51CBC1CB47}.Debug|x64.Build.0 = Debug|x64
		{CFA5EAE5-3198-4EE5-B826-8C51CBC1CB47}.Debug|x86.ActiveCfg = Debug|x86
		{CFA5EAE5-3198-4EE5-B826-8C51CBC1CB47}.Debug|x86.Build.0 = Debug|x86
		{CFA5EAE5-3198-4EE5-B826-8C51CBC1CB47}.Master|ARM.ActiveCfg = Master|ARM
		{CFA5EAE5-3198-4EE5-B826-8C51CBC1CB47}.Master|ARM.Build.0 = Master|ARM
		{CFA5EAE5-3198-4EE5-B826-8C51CBC1CB47}.Master|x64.ActiveCfg = Master|x64
		{CFA5EAE5-3198-4EE5-B826-8C51CBC1CB47}.Master|x64.Build.0 = Master|x64
		{CFA5EAE5-3198-4EE5-B826-8C51CBC1CB47}.Master|x86.ActiveCfg = Master|x86
		{CFA5EAE5-3198-4EE5-B826-8C51CBC1CB47}.Master|x86.Build.0 = Master|x86
		{CFA5EAE5-3198-4EE5-B826-8C51CBC1CB47}.Release|ARM.ActiveCfg = Release|ARM
		{CFA5EAE5-3198-4EE5-B826-8C51CBC1CB47}.Release|ARM.Build.0 = Release|ARM
		{CFA5EAE5-3198-4EE5-B826-8C51CBC1CB47}.Release|x64.ActiveCfg = Release|x64
		{CFA5EAE5-3198-4EE5-B826-8C51CBC1CB47}.Release|x64.Build.0 = Release|x64
		{CFA5EAE5-3198-4EE5-B826-8C51CBC1CB47}.Release|x86.ActiveCfg = Release|x86
		{CFA5EAE5-3198-4EE5-B826-8C51CBC1CB47}.Release|x86.Build.0 = Release|x86
		{408A7147-62F2-4CE5-B045-6A228897638A}.Debug|ARM.ActiveCfg = Debug|ARM
		{408A7147-62F2-4CE5-B045-6A228897638A}.Debug|ARM.Build.0 = Debug|ARM
		{408A7147-62F2-4CE5-B045-6A228897638A}.Debug|x64.ActiveCfg = Debug|x64
		{408A7147-62F2-4CE5-B045-6A228897638A}.Debug|x64.Build.0 = Debug|x64
		{408A7147-62F2-4CE5-B045-6A228897638A}.Debug|x86.ActiveCfg = Debug|x86
		{408A7147-62F2-4CE5-B045-6A228897638A}.Debug|x86.Build.0 = Debug|x86
		{408A7147-62F2-4CE5-B045-6A228897638A}.Master|ARM.ActiveCfg = Master|ARM
		{408A7147-62F2-4CE5-B045-6A228897638A}.Master|ARM.Build.0 = Master|ARM
		{408A7147-62F2-4CE5-B045-6A228897638A}.Master|x64.ActiveCfg = Master|x64
		{408A7147-62F2-4CE5-B045-6A228897638A}.Master|x64.Build.0 = Master|x64
		{408A7147-62F2-4CE5-B045-6A228897638A}.Master|x86.ActiveCfg = Master|x86
		{408A7147-62F2-4CE5-B045-6A228897638A}.Master|x86.Build.0 = Master|x86
		{408A7147-62F2-4CE5-B045-6A228897638A}.Release|ARM.ActiveCfg = Release|ARM
		{408A7147-62F2-4CE5-B045-6A228897638A}.Release|ARM.Build.0 = Release|ARM
		{408A7147-62F2-4CE5-B045-6A228897638A}.Release|x64.ActiveCfg = Release|x64
		{408A7147-62F2-4CE5-B045-6A228897638A}.Release|x64.Build.0 = Release|x64
		{408A7147-62F2-4CE5-B045-6A228897638A}.Release|x86.ActiveCfg = Release|x86
		{408A7147-62F2-4CE5-B045-6A228897638A}.Release|x86.Build.0 = Release|x86
	EndGlobalSection
	GlobalSection(SolutionProperties) = preSolution
		HideSolutionNode = FALSE
	EndGlobalSection
EndGlobal
